
Microsoft Visual Studio Solution File, Format Version 12.00
# Visual Studio Version 17
VisualStudioVersion = 17.2.32630.192
MinimumVisualStudioVersion = 10.0.40219.1
Project("{FAE04EC0-301F-11D3-BF4B-00C04F79EFBC}") = "VideogamesStore", "VideogamesStore\VideogamesStore.csproj", "{D73B2EE6-1000-4D8F-AB31-C3884B06E3A5}"
EndProject
Global
	GlobalSection(SolutionConfigurationPlatforms) = preSolution
		Debug|Any CPU = Debug|Any CPU
		Release|Any CPU = Release|Any CPU
	EndGlobalSection
	GlobalSection(ProjectConfigurationPlatforms) = postSolution
		{D73B2EE6-1000-4D8F-AB31-C3884B06E3A5}.Debug|Any CPU.ActiveCfg = Debug|Any CPU
		{D73B2EE6-1000-4D8F-AB31-C3884B06E3A5}.Debug|Any CPU.Build.0 = Debug|Any CPU
		{D73B2EE6-1000-4D8F-AB31-C3884B06E3A5}.Release|Any CPU.ActiveCfg = Release|Any CPU
		{D73B2EE6-1000-4D8F-AB31-C3884B06E3A5}.Release|Any CPU.Build.0 = Release|Any CPU
	EndGlobalSection
	GlobalSection(SolutionProperties) = preSolution
		HideSolutionNode = FALSE
	EndGlobalSection
	GlobalSection(ExtensibilityGlobals) = postSolution
		SolutionGuid = {C6591294-4316-462F-98F6-5AAD40A720FE}
	EndGlobalSection
EndGlobal
